PODS:
  - audioplayers (0.0.1):
    - Flutter
  - Flutter (1.0.0)
  - flutter_sound (8.5.0):
    - Flutter
    - flutter_sound_core (= 8.5.0)
    - mobile-ffmpeg-audio (= 4.4.LTS)
  - flutter_sound_core (8.5.0)
  - mobile-ffmpeg-audio (4.4.LTS)
  - path_provider_foundation (0.0.1):
    - Flutter
    - FlutterMacOS

DEPENDENCIES:
  - audioplayers (from `.symlinks/plugins/audioplayers/ios`)
  - Flutter (from `Flutter`)
  - flutter_sound (from `.symlinks/plugins/flutter_sound/ios`)
  - path_provider_foundation (from `.symlinks/plugins/path_provider_foundation/darwin`)

SPEC REPOS:
  trunk:
    - flutter_sound_core
    - mobile-ffmpeg-audio

EXTERNAL SOURCES:
  audioplayers:
    :path: ".symlinks/plugins/audioplayers/ios"
  Flutter:
    :path: Flutter
  flutter_sound:
    :path: ".symlinks/plugins/flutter_sound/ios"
  path_provider_foundation:
    :path: ".symlinks/plugins/path_provider_foundation/darwin"

SPEC CHECKSUMS:
  audioplayers: 455322b54050b30ea4b1af7cd9e9d105f74efa8c
  Flutter: e0871f40cf51350855a761d2e70bf5af5b9b5de7
  flutter_sound: ba7daf658dea78e9f18b79657338bfc222489f4f
  flutter_sound_core: d9396f10752a0df9aa3197f4c431d62d934918cc
  mobile-ffmpeg-audio: 1e0a053f8a6de57114e50ff48b3a85ff1c60f902
  path_provider_foundation: 2b6b4c569c0fb62ec74538f866245ac84301af46

PODFILE CHECKSUM: 819463e6a0290f5a72f145ba7cde16e8b6ef0796

COCOAPODS: 1.15.2
